# THIS IS AN AUTOGENERATED FILE. DO NOT EDIT THIS FILE DIRECTLY.
# yarn lockfile v1


preact@^10.5.7:
  version "10.5.7"
  resolved "https://registry.yarnpkg.com/preact/-/preact-10.5.7.tgz#f1d84725539e18f7ccbea937cf3db5895661dbd3"
  integrity sha512-4oEpz75t/0UNcwmcsjk+BIcDdk68oao+7kxcpc1hQPNs2Oo3ZL9xFz8UBf350mxk/VEdD41L5b4l2dE3Ug3RYg==
