github.com/evanw/esbuild v0.8.51 h1:ndEoh2DpaYVbNyajTNfVChRTt3mZKBMblGKW2F4oNuI=
github.com/evanw/esbuild v0.8.51/go.mod h1:y2AFBAGVelPqPodpdtxWWqe6n2jYf5FrsJbligmRmuw=
golang.org/x/sys v0.0.0-20200501145240-bc7a7d42d5c3/go.mod h1:h1NjWce9XRLGQEsW7wpKNCjG9DtNlClVuFLEZdDNbEs=
golang.org/x/sys v0.0.0-20210223095934-7937bea0104d h1:u0GOGnBJ3EKE/tNqREhhGiCzE9jFXydDo2lf7hOwGuc=
golang.org/x/sys v0.0.0-20210223095934-7937bea0104d/go.mod h1:h1NjWce9XRLGQEsW7wpKNCjG9DtNlClVuFLEZdDNbEs=
